
Microsoft Visual Studio Solution File, Format Version 12.00
# Visual Studio Version 17
VisualStudioVersion = 17.14.36414.22
MinimumVisualStudioVersion = 10.0.40219.1
Project("{2150E333-8FDC-42A3-9474-1A3956D46DE8}") = "Services", "Services", "{02EA681E-C7D8-13C7-8484-4AC65E1B71E8}"
EndProject
Project("{2150E333-8FDC-42A3-9474-1A3956D46DE8}") = "SharedKernel", "SharedKernel", "{FBE4DDF1-E8EE-498C-8D23-22BF7AFDDC67}"
EndProject
Project("{FAE04EC0-301F-11D3-BF4B-00C04F79EFBC}") = "BaseConfig", "SharedKernel\BaseConfig\BaseConfig\BaseConfig.csproj", "{AEBC6446-07FD-47E0-9BE5-DB103FCE6066}"
EndProject
Project("{FAE04EC0-301F-11D3-BF4B-00C04F79EFBC}") = "LogService", "SharedKernel\LogService\LogService\LogService.csproj", "{713473FD-FC8C-44BD-AFE7-FDB7D963B9A5}"
EndProject
Project("{2150E333-8FDC-42A3-9474-1A3956D46DE8}") = "ShopService", "ShopService", "{58350F64-3C26-4DA8-AD86-48D20941F89A}"
EndProject
Project("{FAE04EC0-301F-11D3-BF4B-00C04F79EFBC}") = "ShopService.Api", "Services\ShopService\ShopService.Api\ShopService.Api.csproj", "{A00EE89D-A2F4-429F-8449-75297FCC2501}"
EndProject
Project("{FAE04EC0-301F-11D3-BF4B-00C04F79EFBC}") = "ShopService.Application", "Services\ShopService\ShopService.Application\ShopService.Application.csproj", "{4D7C8F79-E9E0-41EB-95AF-0185C6D6CF2B}"
EndProject
Project("{FAE04EC0-301F-11D3-BF4B-00C04F79EFBC}") = "ShopService.ApplicationContract", "Services\ShopService\ShopService.ApplicationContract\ShopService.ApplicationContract.csproj", "{E8FA4A56-0598-49A1-99A3-B076252FADC0}"
EndProject
Project("{FAE04EC0-301F-11D3-BF4B-00C04F79EFBC}") = "ShopService.Domain", "Services\ShopService\ShopService.Domain\ShopService.Domain.csproj", "{CE024DA1-D2EE-4ADD-B044-93AC9F32A8EE}"
EndProject
Project("{FAE04EC0-301F-11D3-BF4B-00C04F79EFBC}") = "ShopService.InfrastructureContract", "Services\ShopService\ShopService.InfrastructureContract\ShopService.InfrastructureContract.csproj", "{EBB3C9EB-2324-4CC6-B9FA-B04A366FD282}"
EndProject
Project("{FAE04EC0-301F-11D3-BF4B-00C04F79EFBC}") = "ShopService.Infrastructure", "Services\ShopService\ShopService.Infrastructure\ShopService.Infrastructure.csproj", "{F411E6DD-4986-4581-9AF9-6BE5FA1EC509}"
EndProject
Project("{FAE04EC0-301F-11D3-BF4B-00C04F79EFBC}") = "ShopService.IocConfig", "Services\ShopService\ShopService.IocConfig\ShopService.IocConfig.csproj", "{2187BA4A-2C38-4EBC-8B03-90D066311B80}"
EndProject
Project("{2150E333-8FDC-42A3-9474-1A3956D46DE8}") = "ApiCallService", "ApiCallService", "{3B32EBD3-14AC-4364-BE53-CE80B162B4B9}"
EndProject
Project("{FAE04EC0-301F-11D3-BF4B-00C04F79EFBC}") = "ApiCallService.Api", "Services\ApiCallService\ApiCallService.Api\ApiCallService.Api.csproj", "{7970B542-FB3B-41CC-BE4D-8C7F8580F60F}"
EndProject
Project("{FAE04EC0-301F-11D3-BF4B-00C04F79EFBC}") = "ApiCallService.Domain", "Services\ApiCallService\ApiCallService.Domain\ApiCallService.Domain.csproj", "{BE2468B8-EFF3-416C-AB38-A276D76A9A31}"
EndProject
Project("{FAE04EC0-301F-11D3-BF4B-00C04F79EFBC}") = "ApiCallService.Application", "Services\ApiCallService\ApiCallService.Application\ApiCallService.Application.csproj", "{429FD49B-39D2-48E0-8BE9-3A14D7C1E73C}"
EndProject
Project("{FAE04EC0-301F-11D3-BF4B-00C04F79EFBC}") = "ApiCallService.ApplicationContract", "Services\ApiCallService\ApiCallService.ApplicationContract\ApiCallService.ApplicationContract.csproj", "{E8626AAD-212D-4362-BBBF-0152A9588E93}"
EndProject
Project("{FAE04EC0-301F-11D3-BF4B-00C04F79EFBC}") = "ApiCallService.Infrastructure", "Services\ApiCallService\ApiCallService.Infrastructure\ApiCallService.Infrastructure.csproj", "{509EDBF1-2CAA-49F5-9E81-70F1BA1D0BF1}"
EndProject
Project("{FAE04EC0-301F-11D3-BF4B-00C04F79EFBC}") = "ApiCallService.InfrastructureContract", "Services\ApiCallService\ApiCallService.InfrastructureContract\ApiCallService.InfrastructureContract.csproj", "{6862522A-13C4-4A2D-B38A-5A20A77FB375}"
EndProject
Project("{FAE04EC0-301F-11D3-BF4B-00C04F79EFBC}") = "ApiCallService.IocConfig", "Services\ApiCallService\ApiCallService.IocConfig\ApiCallService.IocConfig.csproj", "{FBF1541E-A40E-49A7-80CF-7E5AFE6337AE}"
EndProject
Project("{2150E333-8FDC-42A3-9474-1A3956D46DE8}") = "Gateway", "Gateway", "{AD8BD57B-B5A1-4E88-AFD3-386D9060832F}"
EndProject
Project("{2150E333-8FDC-42A3-9474-1A3956D46DE8}") = "Application", "Application", "{D1007148-6107-408D-AB6C-46449974FCC4}"
EndProject
Project("{FAE04EC0-301F-11D3-BF4B-00C04F79EFBC}") = "NotifyService.Application", "Services\Application\NotifyService.Application\NotifyService.Application.csproj", "{19E02704-8312-405B-9C91-966AF2E80B2A}"
EndProject
Project("{FAE04EC0-301F-11D3-BF4B-00C04F79EFBC}") = "NotifyService.Infrastructure", "Services\Application\NotifyService.Infrastructure\NotifyService.Infrastructure.csproj", "{183B61A1-C123-41AF-A604-9950069358C5}"
EndProject
Project("{FAE04EC0-301F-11D3-BF4B-00C04F79EFBC}") = "NotifyService.Domain", "Services\Application\NotifyService.Domain\NotifyService.Domain.csproj", "{41310795-7699-4786-A376-A4C43C518ADF}"
EndProject
Project("{FAE04EC0-301F-11D3-BF4B-00C04F79EFBC}") = "NotifyService.IocConfig", "Services\Application\NotifyService.IocConfig\NotifyService.IocConfig.csproj", "{93D50095-8B4D-4BB3-AE69-B44EDF57C1C7}"
EndProject
Project("{FAE04EC0-301F-11D3-BF4B-00C04F79EFBC}") = "NotifyService.InfrastructureContract", "Services\Application\NotifyService.InfrastructureContract\NotifyService.InfrastructureContract.csproj", "{70F99AE2-AE96-4554-A101-D20F8F56DA9C}"
EndProject
Project("{FAE04EC0-301F-11D3-BF4B-00C04F79EFBC}") = "NotifyService.ApplicationContract", "Services\Application\NotifyService.ApplicationContract\NotifyService.ApplicationContract.csproj", "{CD82218A-649E-499E-B5D5-366109C570AF}"
EndProject
Project("{FAE04EC0-301F-11D3-BF4B-00C04F79EFBC}") = "NotifyService.App", "Services\Application\NotifyService.App\NotifyService.App.csproj", "{71171B72-163F-47DA-A0B1-E3D3B5DEA74D}"
EndProject
Project("{FAE04EC0-301F-11D3-BF4B-00C04F79EFBC}") = "GatewayService.Domain", "Services\Gateway\GatewayService.Domain\GatewayService.Domain.csproj", "{7022E302-6A0D-408A-9972-5B11E08AD008}"
EndProject
Project("{FAE04EC0-301F-11D3-BF4B-00C04F79EFBC}") = "GatewayService.Application", "Services\Gateway\GatewayService.Application\GatewayService.Application.csproj", "{6F164ED1-1208-4DD4-A66C-11DAA5BC4C63}"
EndProject
Project("{FAE04EC0-301F-11D3-BF4B-00C04F79EFBC}") = "GatewayService.ApplicationContract", "Services\Gateway\GatewayService.ApplicationContract\GatewayService.ApplicationContract.csproj", "{D0B91062-5CB3-4E1E-979C-3012C449B0BA}"
EndProject
Project("{FAE04EC0-301F-11D3-BF4B-00C04F79EFBC}") = "GatewayService.Infrastructure", "Services\Gateway\GatewayService.Infrastructure\GatewayService.Infrastructure.csproj", "{BB3B778C-EA9F-42F9-BBC8-5676F40B4744}"
EndProject
Project("{FAE04EC0-301F-11D3-BF4B-00C04F79EFBC}") = "GatewayService.InfrastructureContract", "Services\Gateway\GatewayService.InfrastructureContract\GatewayService.InfrastructureContract.csproj", "{77C1EB3F-7EE7-4C11-AC79-2F1BD2B188D1}"
EndProject
Project("{FAE04EC0-301F-11D3-BF4B-00C04F79EFBC}") = "GatewayService.IocConfig", "Services\Gateway\GatewayService.IocConfig\GatewayService.IocConfig.csproj", "{4EEA91F4-D293-4909-A7F8-E5DB333D6EBD}"
EndProject
Project("{FAE04EC0-301F-11D3-BF4B-00C04F79EFBC}") = "Gateway.Api", "Services\Gateway\Gateway.Api\Gateway.Api.csproj", "{C16A92B3-AD96-4260-89B6-F79E5B77BDED}"
EndProject
Global
	GlobalSection(SolutionConfigurationPlatforms) = preSolution
		Debug|Any CPU = Debug|Any CPU
		Release|Any CPU = Release|Any CPU
	EndGlobalSection
	GlobalSection(ProjectConfigurationPlatforms) = postSolution
		{AEBC6446-07FD-47E0-9BE5-DB103FCE6066}.Debug|Any CPU.ActiveCfg = Debug|Any CPU
		{AEBC6446-07FD-47E0-9BE5-DB103FCE6066}.Debug|Any CPU.Build.0 = Debug|Any CPU
		{AEBC6446-07FD-47E0-9BE5-DB103FCE6066}.Release|Any CPU.ActiveCfg = Release|Any CPU
		{AEBC6446-07FD-47E0-9BE5-DB103FCE6066}.Release|Any CPU.Build.0 = Release|Any CPU
		{713473FD-FC8C-44BD-AFE7-FDB7D963B9A5}.Debug|Any CPU.ActiveCfg = Debug|Any CPU
		{713473FD-FC8C-44BD-AFE7-FDB7D963B9A5}.Debug|Any CPU.Build.0 = Debug|Any CPU
		{713473FD-FC8C-44BD-AFE7-FDB7D963B9A5}.Release|Any CPU.ActiveCfg = Release|Any CPU
		{713473FD-FC8C-44BD-AFE7-FDB7D963B9A5}.Release|Any CPU.Build.0 = Release|Any CPU
		{A00EE89D-A2F4-429F-8449-75297FCC2501}.Debug|Any CPU.ActiveCfg = Debug|Any CPU
		{A00EE89D-A2F4-429F-8449-75297FCC2501}.Debug|Any CPU.Build.0 = Debug|Any CPU
		{A00EE89D-A2F4-429F-8449-75297FCC2501}.Release|Any CPU.ActiveCfg = Release|Any CPU
		{A00EE89D-A2F4-429F-8449-75297FCC2501}.Release|Any CPU.Build.0 = Release|Any CPU
		{4D7C8F79-E9E0-41EB-95AF-0185C6D6CF2B}.Debug|Any CPU.ActiveCfg = Debug|Any CPU
		{4D7C8F79-E9E0-41EB-95AF-0185C6D6CF2B}.Debug|Any CPU.Build.0 = Debug|Any CPU
		{4D7C8F79-E9E0-41EB-95AF-0185C6D6CF2B}.Release|Any CPU.ActiveCfg = Release|Any CPU
		{4D7C8F79-E9E0-41EB-95AF-0185C6D6CF2B}.Release|Any CPU.Build.0 = Release|Any CPU
		{E8FA4A56-0598-49A1-99A3-B076252FADC0}.Debug|Any CPU.ActiveCfg = Debug|Any CPU
		{E8FA4A56-0598-49A1-99A3-B076252FADC0}.Debug|Any CPU.Build.0 = Debug|Any CPU
		{E8FA4A56-0598-49A1-99A3-B076252FADC0}.Release|Any CPU.ActiveCfg = Release|Any CPU
		{E8FA4A56-0598-49A1-99A3-B076252FADC0}.Release|Any CPU.Build.0 = Release|Any CPU
		{CE024DA1-D2EE-4ADD-B044-93AC9F32A8EE}.Debug|Any CPU.ActiveCfg = Debug|Any CPU
		{CE024DA1-D2EE-4ADD-B044-93AC9F32A8EE}.Debug|Any CPU.Build.0 = Debug|Any CPU
		{CE024DA1-D2EE-4ADD-B044-93AC9F32A8EE}.Release|Any CPU.ActiveCfg = Release|Any CPU
		{CE024DA1-D2EE-4ADD-B044-93AC9F32A8EE}.Release|Any CPU.Build.0 = Release|Any CPU
		{EBB3C9EB-2324-4CC6-B9FA-B04A366FD282}.Debug|Any CPU.ActiveCfg = Debug|Any CPU
		{EBB3C9EB-2324-4CC6-B9FA-B04A366FD282}.Debug|Any CPU.Build.0 = Debug|Any CPU
		{EBB3C9EB-2324-4CC6-B9FA-B04A366FD282}.Release|Any CPU.ActiveCfg = Release|Any CPU
		{EBB3C9EB-2324-4CC6-B9FA-B04A366FD282}.Release|Any CPU.Build.0 = Release|Any CPU
		{F411E6DD-4986-4581-9AF9-6BE5FA1EC509}.Debug|Any CPU.ActiveCfg = Debug|Any CPU
		{F411E6DD-4986-4581-9AF9-6BE5FA1EC509}.Debug|Any CPU.Build.0 = Debug|Any CPU
		{F411E6DD-4986-4581-9AF9-6BE5FA1EC509}.Release|Any CPU.ActiveCfg = Release|Any CPU
		{F411E6DD-4986-4581-9AF9-6BE5FA1EC509}.Release|Any CPU.Build.0 = Release|Any CPU
		{2187BA4A-2C38-4EBC-8B03-90D066311B80}.Debug|Any CPU.ActiveCfg = Debug|Any CPU
		{2187BA4A-2C38-4EBC-8B03-90D066311B80}.Debug|Any CPU.Build.0 = Debug|Any CPU
		{2187BA4A-2C38-4EBC-8B03-90D066311B80}.Release|Any CPU.ActiveCfg = Release|Any CPU
		{2187BA4A-2C38-4EBC-8B03-90D066311B80}.Release|Any CPU.Build.0 = Release|Any CPU
		{7970B542-FB3B-41CC-BE4D-8C7F8580F60F}.Debug|Any CPU.ActiveCfg = Debug|Any CPU
		{7970B542-FB3B-41CC-BE4D-8C7F8580F60F}.Debug|Any CPU.Build.0 = Debug|Any CPU
		{7970B542-FB3B-41CC-BE4D-8C7F8580F60F}.Release|Any CPU.ActiveCfg = Release|Any CPU
		{7970B542-FB3B-41CC-BE4D-8C7F8580F60F}.Release|Any CPU.Build.0 = Release|Any CPU
		{BE2468B8-EFF3-416C-AB38-A276D76A9A31}.Debug|Any CPU.ActiveCfg = Debug|Any CPU
		{BE2468B8-EFF3-416C-AB38-A276D76A9A31}.Debug|Any CPU.Build.0 = Debug|Any CPU
		{BE2468B8-EFF3-416C-AB38-A276D76A9A31}.Release|Any CPU.ActiveCfg = Release|Any CPU
		{BE2468B8-EFF3-416C-AB38-A276D76A9A31}.Release|Any CPU.Build.0 = Release|Any CPU
		{429FD49B-39D2-48E0-8BE9-3A14D7C1E73C}.Debug|Any CPU.ActiveCfg = Debug|Any CPU
		{429FD49B-39D2-48E0-8BE9-3A14D7C1E73C}.Debug|Any CPU.Build.0 = Debug|Any CPU
		{429FD49B-39D2-48E0-8BE9-3A14D7C1E73C}.Release|Any CPU.ActiveCfg = Release|Any CPU
		{429FD49B-39D2-48E0-8BE9-3A14D7C1E73C}.Release|Any CPU.Build.0 = Release|Any CPU
		{E8626AAD-212D-4362-BBBF-0152A9588E93}.Debug|Any CPU.ActiveCfg = Debug|Any CPU
		{E8626AAD-212D-4362-BBBF-0152A9588E93}.Debug|Any CPU.Build.0 = Debug|Any CPU
		{E8626AAD-212D-4362-BBBF-0152A9588E93}.Release|Any CPU.ActiveCfg = Release|Any CPU
		{E8626AAD-212D-4362-BBBF-0152A9588E93}.Release|Any CPU.Build.0 = Release|Any CPU
		{509EDBF1-2CAA-49F5-9E81-70F1BA1D0BF1}.Debug|Any CPU.ActiveCfg = Debug|Any CPU
		{509EDBF1-2CAA-49F5-9E81-70F1BA1D0BF1}.Debug|Any CPU.Build.0 = Debug|Any CPU
		{509EDBF1-2CAA-49F5-9E81-70F1BA1D0BF1}.Release|Any CPU.ActiveCfg = Release|Any CPU
		{509EDBF1-2CAA-49F5-9E81-70F1BA1D0BF1}.Release|Any CPU.Build.0 = Release|Any CPU
		{6862522A-13C4-4A2D-B38A-5A20A77FB375}.Debug|Any CPU.ActiveCfg = Debug|Any CPU
		{6862522A-13C4-4A2D-B38A-5A20A77FB375}.Debug|Any CPU.Build.0 = Debug|Any CPU
		{6862522A-13C4-4A2D-B38A-5A20A77FB375}.Release|Any CPU.ActiveCfg = Release|Any CPU
		{6862522A-13C4-4A2D-B38A-5A20A77FB375}.Release|Any CPU.Build.0 = Release|Any CPU
		{FBF1541E-A40E-49A7-80CF-7E5AFE6337AE}.Debug|Any CPU.ActiveCfg = Debug|Any CPU
		{FBF1541E-A40E-49A7-80CF-7E5AFE6337AE}.Debug|Any CPU.Build.0 = Debug|Any CPU
		{FBF1541E-A40E-49A7-80CF-7E5AFE6337AE}.Release|Any CPU.ActiveCfg = Release|Any CPU
		{FBF1541E-A40E-49A7-80CF-7E5AFE6337AE}.Release|Any CPU.Build.0 = Release|Any CPU
		{19E02704-8312-405B-9C91-966AF2E80B2A}.Debug|Any CPU.ActiveCfg = Debug|Any CPU
		{19E02704-8312-405B-9C91-966AF2E80B2A}.Debug|Any CPU.Build.0 = Debug|Any CPU
		{19E02704-8312-405B-9C91-966AF2E80B2A}.Release|Any CPU.ActiveCfg = Release|Any CPU
		{19E02704-8312-405B-9C91-966AF2E80B2A}.Release|Any CPU.Build.0 = Release|Any CPU
		{183B61A1-C123-41AF-A604-9950069358C5}.Debug|Any CPU.ActiveCfg = Debug|Any CPU
		{183B61A1-C123-41AF-A604-9950069358C5}.Debug|Any CPU.Build.0 = Debug|Any CPU
		{183B61A1-C123-41AF-A604-9950069358C5}.Release|Any CPU.ActiveCfg = Release|Any CPU
		{183B61A1-C123-41AF-A604-9950069358C5}.Release|Any CPU.Build.0 = Release|Any CPU
		{41310795-7699-4786-A376-A4C43C518ADF}.Debug|Any CPU.ActiveCfg = Debug|Any CPU
		{41310795-7699-4786-A376-A4C43C518ADF}.Debug|Any CPU.Build.0 = Debug|Any CPU
		{41310795-7699-4786-A376-A4C43C518ADF}.Release|Any CPU.ActiveCfg = Release|Any CPU
		{41310795-7699-4786-A376-A4C43C518ADF}.Release|Any CPU.Build.0 = Release|Any CPU
		{93D50095-8B4D-4BB3-AE69-B44EDF57C1C7}.Debug|Any CPU.ActiveCfg = Debug|Any CPU
		{93D50095-8B4D-4BB3-AE69-B44EDF57C1C7}.Debug|Any CPU.Build.0 = Debug|Any CPU
		{93D50095-8B4D-4BB3-AE69-B44EDF57C1C7}.Release|Any CPU.ActiveCfg = Release|Any CPU
		{93D50095-8B4D-4BB3-AE69-B44EDF57C1C7}.Release|Any CPU.Build.0 = Release|Any CPU
		{70F99AE2-AE96-4554-A101-D20F8F56DA9C}.Debug|Any CPU.ActiveCfg = Debug|Any CPU
		{70F99AE2-AE96-4554-A101-D20F8F56DA9C}.Debug|Any CPU.Build.0 = Debug|Any CPU
		{70F99AE2-AE96-4554-A101-D20F8F56DA9C}.Release|Any CPU.ActiveCfg = Release|Any CPU
		{70F99AE2-AE96-4554-A101-D20F8F56DA9C}.Release|Any CPU.Build.0 = Release|Any CPU
		{CD82218A-649E-499E-B5D5-366109C570AF}.Debug|Any CPU.ActiveCfg = Debug|Any CPU
		{CD82218A-649E-499E-B5D5-366109C570AF}.Debug|Any CPU.Build.0 = Debug|Any CPU
		{CD82218A-649E-499E-B5D5-366109C570AF}.Release|Any CPU.ActiveCfg = Release|Any CPU
		{CD82218A-649E-499E-B5D5-366109C570AF}.Release|Any CPU.Build.0 = Release|Any CPU
		{71171B72-163F-47DA-A0B1-E3D3B5DEA74D}.Debug|Any CPU.ActiveCfg = Debug|Any CPU
		{71171B72-163F-47DA-A0B1-E3D3B5DEA74D}.Debug|Any CPU.Build.0 = Debug|Any CPU
		{71171B72-163F-47DA-A0B1-E3D3B5DEA74D}.Release|Any CPU.ActiveCfg = Release|Any CPU
		{71171B72-163F-47DA-A0B1-E3D3B5DEA74D}.Release|Any CPU.Build.0 = Release|Any CPU
		{7022E302-6A0D-408A-9972-5B11E08AD008}.Debug|Any CPU.ActiveCfg = Debug|Any CPU
		{7022E302-6A0D-408A-9972-5B11E08AD008}.Debug|Any CPU.Build.0 = Debug|Any CPU
		{7022E302-6A0D-408A-9972-5B11E08AD008}.Release|Any CPU.ActiveCfg = Release|Any CPU
		{7022E302-6A0D-408A-9972-5B11E08AD008}.Release|Any CPU.Build.0 = Release|Any CPU
		{6F164ED1-1208-4DD4-A66C-11DAA5BC4C63}.Debug|Any CPU.ActiveCfg = Debug|Any CPU
		{6F164ED1-1208-4DD4-A66C-11DAA5BC4C63}.Debug|Any CPU.Build.0 = Debug|Any CPU
		{6F164ED1-1208-4DD4-A66C-11DAA5BC4C63}.Release|Any CPU.ActiveCfg = Release|Any CPU
		{6F164ED1-1208-4DD4-A66C-11DAA5BC4C63}.Release|Any CPU.Build.0 = Release|Any CPU
		{D0B91062-5CB3-4E1E-979C-3012C449B0BA}.Debug|Any CPU.ActiveCfg = Debug|Any CPU
		{D0B91062-5CB3-4E1E-979C-3012C449B0BA}.Debug|Any CPU.Build.0 = Debug|Any CPU
		{D0B91062-5CB3-4E1E-979C-3012C449B0BA}.Release|Any CPU.ActiveCfg = Release|Any CPU
		{D0B91062-5CB3-4E1E-979C-3012C449B0BA}.Release|Any CPU.Build.0 = Release|Any CPU
		{BB3B778C-EA9F-42F9-BBC8-5676F40B4744}.Debug|Any CPU.ActiveCfg = Debug|Any CPU
		{BB3B778C-EA9F-42F9-BBC8-5676F40B4744}.Debug|Any CPU.Build.0 = Debug|Any CPU
		{BB3B778C-EA9F-42F9-BBC8-5676F40B4744}.Release|Any CPU.ActiveCfg = Release|Any CPU
		{BB3B778C-EA9F-42F9-BBC8-5676F40B4744}.Release|Any CPU.Build.0 = Release|Any CPU
		{77C1EB3F-7EE7-4C11-AC79-2F1BD2B188D1}.Debug|Any CPU.ActiveCfg = Debug|Any CPU
		{77C1EB3F-7EE7-4C11-AC79-2F1BD2B188D1}.Debug|Any CPU.Build.0 = Debug|Any CPU
		{77C1EB3F-7EE7-4C11-AC79-2F1BD2B188D1}.Release|Any CPU.ActiveCfg = Release|Any CPU
		{77C1EB3F-7EE7-4C11-AC79-2F1BD2B188D1}.Release|Any CPU.Build.0 = Release|Any CPU
		{4EEA91F4-D293-4909-A7F8-E5DB333D6EBD}.Debug|Any CPU.ActiveCfg = Debug|Any CPU
		{4EEA91F4-D293-4909-A7F8-E5DB333D6EBD}.Debug|Any CPU.Build.0 = Debug|Any CPU
		{4EEA91F4-D293-4909-A7F8-E5DB333D6EBD}.Release|Any CPU.ActiveCfg = Release|Any CPU
		{4EEA91F4-D293-4909-A7F8-E5DB333D6EBD}.Release|Any CPU.Build.0 = Release|Any CPU
		{C16A92B3-AD96-4260-89B6-F79E5B77BDED}.Debug|Any CPU.ActiveCfg = Debug|Any CPU
		{C16A92B3-AD96-4260-89B6-F79E5B77BDED}.Debug|Any CPU.Build.0 = Debug|Any CPU
		{C16A92B3-AD96-4260-89B6-F79E5B77BDED}.Release|Any CPU.ActiveCfg = Release|Any CPU
		{C16A92B3-AD96-4260-89B6-F79E5B77BDED}.Release|Any CPU.Build.0 = Release|Any CPU
	EndGlobalSection
	GlobalSection(SolutionProperties) = preSolution
		HideSolutionNode = FALSE
	EndGlobalSection
	GlobalSection(NestedProjects) = preSolution
		{AEBC6446-07FD-47E0-9BE5-DB103FCE6066} = {FBE4DDF1-E8EE-498C-8D23-22BF7AFDDC67}
		{713473FD-FC8C-44BD-AFE7-FDB7D963B9A5} = {FBE4DDF1-E8EE-498C-8D23-22BF7AFDDC67}
		{58350F64-3C26-4DA8-AD86-48D20941F89A} = {02EA681E-C7D8-13C7-8484-4AC65E1B71E8}
		{A00EE89D-A2F4-429F-8449-75297FCC2501} = {58350F64-3C26-4DA8-AD86-48D20941F89A}
		{4D7C8F79-E9E0-41EB-95AF-0185C6D6CF2B} = {58350F64-3C26-4DA8-AD86-48D20941F89A}
		{E8FA4A56-0598-49A1-99A3-B076252FADC0} = {58350F64-3C26-4DA8-AD86-48D20941F89A}
		{CE024DA1-D2EE-4ADD-B044-93AC9F32A8EE} = {58350F64-3C26-4DA8-AD86-48D20941F89A}
		{EBB3C9EB-2324-4CC6-B9FA-B04A366FD282} = {58350F64-3C26-4DA8-AD86-48D20941F89A}
		{F411E6DD-4986-4581-9AF9-6BE5FA1EC509} = {58350F64-3C26-4DA8-AD86-48D20941F89A}
		{2187BA4A-2C38-4EBC-8B03-90D066311B80} = {58350F64-3C26-4DA8-AD86-48D20941F89A}
		{3B32EBD3-14AC-4364-BE53-CE80B162B4B9} = {02EA681E-C7D8-13C7-8484-4AC65E1B71E8}
		{7970B542-FB3B-41CC-BE4D-8C7F8580F60F} = {3B32EBD3-14AC-4364-BE53-CE80B162B4B9}
		{BE2468B8-EFF3-416C-AB38-A276D76A9A31} = {3B32EBD3-14AC-4364-BE53-CE80B162B4B9}
		{429FD49B-39D2-48E0-8BE9-3A14D7C1E73C} = {3B32EBD3-14AC-4364-BE53-CE80B162B4B9}
		{E8626AAD-212D-4362-BBBF-0152A9588E93} = {3B32EBD3-14AC-4364-BE53-CE80B162B4B9}
		{509EDBF1-2CAA-49F5-9E81-70F1BA1D0BF1} = {3B32EBD3-14AC-4364-BE53-CE80B162B4B9}
		{6862522A-13C4-4A2D-B38A-5A20A77FB375} = {3B32EBD3-14AC-4364-BE53-CE80B162B4B9}
		{FBF1541E-A40E-49A7-80CF-7E5AFE6337AE} = {3B32EBD3-14AC-4364-BE53-CE80B162B4B9}
		{AD8BD57B-B5A1-4E88-AFD3-386D9060832F} = {02EA681E-C7D8-13C7-8484-4AC65E1B71E8}
		{D1007148-6107-408D-AB6C-46449974FCC4} = {02EA681E-C7D8-13C7-8484-4AC65E1B71E8}
		{19E02704-8312-405B-9C91-966AF2E80B2A} = {D1007148-6107-408D-AB6C-46449974FCC4}
		{183B61A1-C123-41AF-A604-9950069358C5} = {D1007148-6107-408D-AB6C-46449974FCC4}
		{41310795-7699-4786-A376-A4C43C518ADF} = {D1007148-6107-408D-AB6C-46449974FCC4}
		{93D50095-8B4D-4BB3-AE69-B44EDF57C1C7} = {D1007148-6107-408D-AB6C-46449974FCC4}
		{70F99AE2-AE96-4554-A101-D20F8F56DA9C} = {D1007148-6107-408D-AB6C-46449974FCC4}
		{CD82218A-649E-499E-B5D5-366109C570AF} = {D1007148-6107-408D-AB6C-46449974FCC4}
		{71171B72-163F-47DA-A0B1-E3D3B5DEA74D} = {D1007148-6107-408D-AB6C-46449974FCC4}
		{7022E302-6A0D-408A-9972-5B11E08AD008} = {AD8BD57B-B5A1-4E88-AFD3-386D9060832F}
		{6F164ED1-1208-4DD4-A66C-11DAA5BC4C63} = {AD8BD57B-B5A1-4E88-AFD3-386D9060832F}
		{D0B91062-5CB3-4E1E-979C-3012C449B0BA} = {AD8BD57B-B5A1-4E88-AFD3-386D9060832F}
		{BB3B778C-EA9F-42F9-BBC8-5676F40B4744} = {AD8BD57B-B5A1-4E88-AFD3-386D9060832F}
		{77C1EB3F-7EE7-4C11-AC79-2F1BD2B188D1} = {AD8BD57B-B5A1-4E88-AFD3-386D9060832F}
		{4EEA91F4-D293-4909-A7F8-E5DB333D6EBD} = {AD8BD57B-B5A1-4E88-AFD3-386D9060832F}
		{C16A92B3-AD96-4260-89B6-F79E5B77BDED} = {AD8BD57B-B5A1-4E88-AFD3-386D9060832F}
	EndGlobalSection
	GlobalSection(ExtensibilityGlobals) = postSolution
		SolutionGuid = {36597FBA-8F4D-4AAC-A7B0-9228996087C3}
	EndGlobalSection
EndGlobal
