
Microsoft Visual Studio Solution File, Format Version 12.00
# Visual Studio Version 17
VisualStudioVersion = 17.14.36414.22 d17.14
MinimumVisualStudioVersion = 10.0.40219.1
Project("{2150E333-8FDC-42A3-9474-1A3956D46DE8}") = "Services", "Services", "{02EA681E-C7D8-13C7-8484-4AC65E1B71E8}"
EndProject
Project("{2150E333-8FDC-42A3-9474-1A3956D46DE8}") = "Gateway", "Gateway", "{E8A09903-13C1-45B6-97DC-2363CA7B46C3}"
EndProject
Project("{FAE04EC0-301F-11D3-BF4B-00C04F79EFBC}") = "Gateway.Api", "Services\Gateway\Gateway.Api\Gateway.Api.csproj", "{4D4CCD13-F622-4571-9D95-C0DCFE2CB1C6}"
EndProject
Project("{2150E333-8FDC-42A3-9474-1A3956D46DE8}") = "ProductService", "ProductService", "{9CB4CECA-EEB0-49C8-ADC2-96A224EF0829}"
EndProject
Project("{FAE04EC0-301F-11D3-BF4B-00C04F79EFBC}") = "ProductService.Api", "Services\ProductService\ProductService.Api\ProductService.Api.csproj", "{CD034453-9C7C-4F2A-B7AD-DE488BDE1EB6}"
EndProject
Project("{2150E333-8FDC-42A3-9474-1A3956D46DE8}") = "SharedKernel", "SharedKernel", "{FBE4DDF1-E8EE-498C-8D23-22BF7AFDDC67}"
EndProject
Project("{FAE04EC0-301F-11D3-BF4B-00C04F79EFBC}") = "BaseConfig", "SharedKernel\BaseConfig\BaseConfig\BaseConfig.csproj", "{AEBC6446-07FD-47E0-9BE5-DB103FCE6066}"
EndProject
Project("{FAE04EC0-301F-11D3-BF4B-00C04F79EFBC}") = "LogService", "SharedKernel\LogService\LogService\LogService.csproj", "{713473FD-FC8C-44BD-AFE7-FDB7D963B9A5}"
EndProject
Global
	GlobalSection(SolutionConfigurationPlatforms) = preSolution
		Debug|Any CPU = Debug|Any CPU
		Release|Any CPU = Release|Any CPU
	EndGlobalSection
	GlobalSection(ProjectConfigurationPlatforms) = postSolution
		{4D4CCD13-F622-4571-9D95-C0DCFE2CB1C6}.Debug|Any CPU.ActiveCfg = Debug|Any CPU
		{4D4CCD13-F622-4571-9D95-C0DCFE2CB1C6}.Debug|Any CPU.Build.0 = Debug|Any CPU
		{4D4CCD13-F622-4571-9D95-C0DCFE2CB1C6}.Release|Any CPU.ActiveCfg = Release|Any CPU
		{4D4CCD13-F622-4571-9D95-C0DCFE2CB1C6}.Release|Any CPU.Build.0 = Release|Any CPU
		{CD034453-9C7C-4F2A-B7AD-DE488BDE1EB6}.Debug|Any CPU.ActiveCfg = Debug|Any CPU
		{CD034453-9C7C-4F2A-B7AD-DE488BDE1EB6}.Debug|Any CPU.Build.0 = Debug|Any CPU
		{CD034453-9C7C-4F2A-B7AD-DE488BDE1EB6}.Release|Any CPU.ActiveCfg = Release|Any CPU
		{CD034453-9C7C-4F2A-B7AD-DE488BDE1EB6}.Release|Any CPU.Build.0 = Release|Any CPU
		{AEBC6446-07FD-47E0-9BE5-DB103FCE6066}.Debug|Any CPU.ActiveCfg = Debug|Any CPU
		{AEBC6446-07FD-47E0-9BE5-DB103FCE6066}.Debug|Any CPU.Build.0 = Debug|Any CPU
		{AEBC6446-07FD-47E0-9BE5-DB103FCE6066}.Release|Any CPU.ActiveCfg = Release|Any CPU
		{AEBC6446-07FD-47E0-9BE5-DB103FCE6066}.Release|Any CPU.Build.0 = Release|Any CPU
		{713473FD-FC8C-44BD-AFE7-FDB7D963B9A5}.Debug|Any CPU.ActiveCfg = Debug|Any CPU
		{713473FD-FC8C-44BD-AFE7-FDB7D963B9A5}.Debug|Any CPU.Build.0 = Debug|Any CPU
		{713473FD-FC8C-44BD-AFE7-FDB7D963B9A5}.Release|Any CPU.ActiveCfg = Release|Any CPU
		{713473FD-FC8C-44BD-AFE7-FDB7D963B9A5}.Release|Any CPU.Build.0 = Release|Any CPU
	EndGlobalSection
	GlobalSection(SolutionProperties) = preSolution
		HideSolutionNode = FALSE
	EndGlobalSection
	GlobalSection(NestedProjects) = preSolution
		{E8A09903-13C1-45B6-97DC-2363CA7B46C3} = {02EA681E-C7D8-13C7-8484-4AC65E1B71E8}
		{4D4CCD13-F622-4571-9D95-C0DCFE2CB1C6} = {E8A09903-13C1-45B6-97DC-2363CA7B46C3}
		{9CB4CECA-EEB0-49C8-ADC2-96A224EF0829} = {02EA681E-C7D8-13C7-8484-4AC65E1B71E8}
		{CD034453-9C7C-4F2A-B7AD-DE488BDE1EB6} = {9CB4CECA-EEB0-49C8-ADC2-96A224EF0829}
		{AEBC6446-07FD-47E0-9BE5-DB103FCE6066} = {FBE4DDF1-E8EE-498C-8D23-22BF7AFDDC67}
		{713473FD-FC8C-44BD-AFE7-FDB7D963B9A5} = {FBE4DDF1-E8EE-498C-8D23-22BF7AFDDC67}
	EndGlobalSection
	GlobalSection(ExtensibilityGlobals) = postSolution
		SolutionGuid = {36597FBA-8F4D-4AAC-A7B0-9228996087C3}
	EndGlobalSection
EndGlobal
